
Microsoft Visual Studio Solution File, Format Version 12.00
# Visual Studio Version 17
VisualStudioVersion = 17.2.32630.192
MinimumVisualStudioVersion = 10.0.40219.1
Project("{FAE04EC0-301F-11D3-BF4B-00C04F79EFBC}") = "Pustok", "Pustok\Pustok.csproj", "{65A08155-E836-42C2-9634-475D0D547000}"
EndProject
Global
	GlobalSection(SolutionConfigurationPlatforms) = preSolution
		Debug|Any CPU = Debug|Any CPU
		Release|Any CPU = Release|Any CPU
	EndGlobalSection
	GlobalSection(ProjectConfigurationPlatforms) = postSolution
		{65A08155-E836-42C2-9634-475D0D547000}.Debug|Any CPU.ActiveCfg = Debug|Any CPU
		{65A08155-E836-42C2-9634-475D0D547000}.Debug|Any CPU.Build.0 = Debug|Any CPU
		{65A08155-E836-42C2-9634-475D0D547000}.Release|Any CPU.ActiveCfg = Release|Any CPU
		{65A08155-E836-42C2-9634-475D0D547000}.Release|Any CPU.Build.0 = Release|Any CPU
	EndGlobalSection
	GlobalSection(SolutionProperties) = preSolution
		HideSolutionNode = FALSE
	EndGlobalSection
	GlobalSection(ExtensibilityGlobals) = postSolution
		SolutionGuid = {ABD19CB5-E1D9-4A53-95D0-3C02261A7703}
	EndGlobalSection
EndGlobal
